// !$*UTF8*$!
{
	archiveVersion = 1;
	classes = {
	};
	objectVersion = 46;
	objects = {

/* Begin PBXBuildFile section */
		B0191F94196C4754005D92EA /* FBUDrawView.m in Sources */ = {isa = PBXBuildFile; fileRef = B0191F93196C4754005D92EA /* FBUDrawView.m */; };
		B0E03733196D9F350042E78B /* FBURoundCounter.m in Sources */ = {isa = PBXBuildFile; fileRef = B0E03732196D9F350042E78B /* FBURoundCounter.m */; };
		B0F6C1BE196CBBAC00AAF159 /* FBUImageStore.m in Sources */ = {isa = PBXBuildFile; fileRef = B0F6C1BD196CBBAC00AAF159 /* FBUImageStore.m */; };
		D24FDEC4196B752D00BC3992 /* Foundation.framework in Frameworks */ = {isa = PBXBuildFile; fileRef = D24FDEC3196B752D00BC3992 /* Foundation.framework */; };
		D24FDEC6196B752D00BC3992 /* CoreGraphics.framework in Frameworks */ = {isa = PBXBuildFile; fileRef = D24FDEC5196B752D00BC3992 /* CoreGraphics.framework */; };
		D24FDEC8196B752D00BC3992 /* UIKit.framework in Frameworks */ = {isa = PBXBuildFile; fileRef = D24FDEC7196B752D00BC3992 /* UIKit.framework */; };
		D24FDECE196B752D00BC3992 /* InfoPlist.strings in Resources */ = {isa = PBXBuildFile; fileRef = D24FDECC196B752D00BC3992 /* InfoPlist.strings */; };
		D24FDED0196B752D00BC3992 /* main.m in Sources */ = {isa = PBXBuildFile; fileRef = D24FDECF196B752D00BC3992 /* main.m */; };
		D24FDED4196B752D00BC3992 /* FBUAppDelegate.m in Sources */ = {isa = PBXBuildFile; fileRef = D24FDED3196B752D00BC3992 /* FBUAppDelegate.m */; };
		D24FDED6196B752D00BC3992 /* Images.xcassets in Resources */ = {isa = PBXBuildFile; fileRef = D24FDED5196B752D00BC3992 /* Images.xcassets */; };
		D24FDEDD196B752D00BC3992 /* XCTest.framework in Frameworks */ = {isa = PBXBuildFile; fileRef = D24FDEDC196B752D00BC3992 /* XCTest.framework */; };
		D24FDEDE196B752D00BC3992 /* Foundation.framework in Frameworks */ = {isa = PBXBuildFile; fileRef = D24FDEC3196B752D00BC3992 /* Foundation.framework */; };
		D24FDEDF196B752D00BC3992 /* UIKit.framework in Frameworks */ = {isa = PBXBuildFile; fileRef = D24FDEC7196B752D00BC3992 /* UIKit.framework */; };
		D24FDEE7196B752D00BC3992 /* InfoPlist.strings in Resources */ = {isa = PBXBuildFile; fileRef = D24FDEE5196B752D00BC3992 /* InfoPlist.strings */; };
		D24FDEE9196B752D00BC3992 /* TelephoneTests.m in Sources */ = {isa = PBXBuildFile; fileRef = D24FDEE8196B752D00BC3992 /* TelephoneTests.m */; };
		D24FDEF4196B77F600BC3992 /* FBUDrawViewController.m in Sources */ = {isa = PBXBuildFile; fileRef = D24FDEF3196B77F600BC3992 /* FBUDrawViewController.m */; };
		D24FDEF9196C501200BC3992 /* FBUHomeViewController.m in Sources */ = {isa = PBXBuildFile; fileRef = D24FDEF8196C501200BC3992 /* FBUHomeViewController.m */; };
		D24FDEFC196C5FCC00BC3992 /* FBUWordViewController.m in Sources */ = {isa = PBXBuildFile; fileRef = D24FDEFB196C5FCC00BC3992 /* FBUWordViewController.m */; };
		D24FDEFE196C69B500BC3992 /* Telephone.storyboard in Resources */ = {isa = PBXBuildFile; fileRef = D24FDEFD196C69B500BC3992 /* Telephone.storyboard */; };
		D24FDF01196CA96000BC3992 /* FBUYourTurnViewController.m in Sources */ = {isa = PBXBuildFile; fileRef = D24FDF00196CA96000BC3992 /* FBUYourTurnViewController.m */; };
/* End PBXBuildFile section */

/* Begin PBXContainerItemProxy section */
		D24FDEE0196B752D00BC3992 /* PBXContainerItemProxy */ = {
			isa = PBXContainerItemProxy;
			containerPortal = D24FDEB8196B752D00BC3992 /* Project object */;
			proxyType = 1;
			remoteGlobalIDString = D24FDEBF196B752D00BC3992;
			remoteInfo = Telephone;
		};
/* End PBXContainerItemProxy section */

/* Begin PBXFileReference section */
		B0191F92196C4754005D92EA /* FBUDrawView.h */ = {isa = PBXFileReference; fileEncoding = 4; lastKnownFileType = sourcecode.c.h; path = FBUDrawView.h; sourceTree = "<group>"; };
		B0191F93196C4754005D92EA /* FBUDrawView.m */ = {isa = PBXFileReference; fileEncoding = 4; lastKnownFileType = sourcecode.c.objc; path = FBUDrawView.m; sourceTree = "<group>"; };
		B0E03731196D9F340042E78B /* FBURoundCounter.h */ = {isa = PBXFileReference; fileEncoding = 4; lastKnownFileType = sourcecode.c.h; path = FBURoundCounter.h; sourceTree = "<group>"; };
		B0E03732196D9F350042E78B /* FBURoundCounter.m */ = {isa = PBXFileReference; fileEncoding = 4; lastKnownFileType = sourcecode.c.objc; path = FBURoundCounter.m; sourceTree = "<group>"; };
		B0F6C1BC196CBBAC00AAF159 /* FBUImageStore.h */ = {isa = PBXFileReference; fileEncoding = 4; lastKnownFileType = sourcecode.c.h; path = FBUImageStore.h; sourceTree = "<group>"; };
		B0F6C1BD196CBBAC00AAF159 /* FBUImageStore.m */ = {isa = PBXFileReference; fileEncoding = 4; lastKnownFileType = sourcecode.c.objc; path = FBUImageStore.m; sourceTree = "<group>"; };
		D24FDEC0196B752D00BC3992 /* Telephone.app */ = {isa = PBXFileReference; explicitFileType = wrapper.application; includeInIndex = 0; path = Telephone.app; sourceTree = BUILT_PRODUCTS_DIR; };
		D24FDEC3196B752D00BC3992 /* Foundation.framework */ = {isa = PBXFileReference; lastKnownFileType = wrapper.framework; name = Foundation.framework; path = System/Library/Frameworks/Foundation.framework; sourceTree = SDKROOT; };
		D24FDEC5196B752D00BC3992 /* CoreGraphics.framework */ = {isa = PBXFileReference; lastKnownFileType = wrapper.framework; name = CoreGraphics.framework; path = System/Library/Frameworks/CoreGraphics.framework; sourceTree = SDKROOT; };
		D24FDEC7196B752D00BC3992 /* UIKit.framework */ = {isa = PBXFileReference; lastKnownFileType = wrapper.framework; name = UIKit.framework; path = System/Library/Frameworks/UIKit.framework; sourceTree = SDKROOT; };
		D24FDECB196B752D00BC3992 /* Telephone-Info.plist */ = {isa = PBXFileReference; lastKnownFileType = text.plist.xml; path = "Telephone-Info.plist"; sourceTree = "<group>"; };
		D24FDECD196B752D00BC3992 /* en */ = {isa = PBXFileReference; lastKnownFileType = text.plist.strings; name = en; path = en.lproj/InfoPlist.strings; sourceTree = "<group>"; };
		D24FDECF196B752D00BC3992 /* main.m */ = {isa = PBXFileReference; lastKnownFileType = sourcecode.c.objc; path = main.m; sourceTree = "<group>"; };
		D24FDED1196B752D00BC3992 /* Telephone-Prefix.pch */ = {isa = PBXFileReference; lastKnownFileType = sourcecode.c.h; path = "Telephone-Prefix.pch"; sourceTree = "<group>"; };
		D24FDED2196B752D00BC3992 /* FBUAppDelegate.h */ = {isa = PBXFileReference; lastKnownFileType = sourcecode.c.h; path = FBUAppDelegate.h; sourceTree = "<group>"; };
		D24FDED3196B752D00BC3992 /* FBUAppDelegate.m */ = {isa = PBXFileReference; lastKnownFileType = sourcecode.c.objc; path = FBUAppDelegate.m; sourceTree = "<group>"; };
		D24FDED5196B752D00BC3992 /* Images.xcassets */ = {isa = PBXFileReference; lastKnownFileType = folder.assetcatalog; path = Images.xcassets; sourceTree = "<group>"; };
		D24FDEDB196B752D00BC3992 /* TelephoneTests.xctest */ = {isa = PBXFileReference; explicitFileType = wrapper.cfbundle; includeInIndex = 0; path = TelephoneTests.xctest; sourceTree = BUILT_PRODUCTS_DIR; };
		D24FDEDC196B752D00BC3992 /* XCTest.framework */ = {isa = PBXFileReference; lastKnownFileType = wrapper.framework; name = XCTest.framework; path = Library/Frameworks/XCTest.framework; sourceTree = DEVELOPER_DIR; };
		D24FDEE4196B752D00BC3992 /* TelephoneTests-Info.plist */ = {isa = PBXFileReference; lastKnownFileType = text.plist.xml; path = "TelephoneTests-Info.plist"; sourceTree = "<group>"; };
		D24FDEE6196B752D00BC3992 /* en */ = {isa = PBXFileReference; lastKnownFileType = text.plist.strings; name = en; path = en.lproj/InfoPlist.strings; sourceTree = "<group>"; };
		D24FDEE8196B752D00BC3992 /* TelephoneTests.m */ = {isa = PBXFileReference; lastKnownFileType = sourcecode.c.objc; path = TelephoneTests.m; sourceTree = "<group>"; };
		D24FDEF2196B77F600BC3992 /* FBUDrawViewController.h */ = {isa = PBXFileReference; fileEncoding = 4; lastKnownFileType = sourcecode.c.h; path = FBUDrawViewController.h; sourceTree = "<group>"; };
		D24FDEF3196B77F600BC3992 /* FBUDrawViewController.m */ = {isa = PBXFileReference; fileEncoding = 4; lastKnownFileType = sourcecode.c.objc; path = FBUDrawViewController.m; sourceTree = "<group>"; };
		D24FDEF7196C501200BC3992 /* FBUHomeViewController.h */ = {isa = PBXFileReference; fileEncoding = 4; lastKnownFileType = sourcecode.c.h; path = FBUHomeViewController.h; sourceTree = "<group>"; };
		D24FDEF8196C501200BC3992 /* FBUHomeViewController.m */ = {isa = PBXFileReference; fileEncoding = 4; lastKnownFileType = sourcecode.c.objc; path = FBUHomeViewController.m; sourceTree = "<group>"; };
		D24FDEFA196C5FCC00BC3992 /* FBUWordViewController.h */ = {isa = PBXFileReference; fileEncoding = 4; lastKnownFileType = sourcecode.c.h; path = FBUWordViewController.h; sourceTree = "<group>"; };
		D24FDEFB196C5FCC00BC3992 /* FBUWordViewController.m */ = {isa = PBXFileReference; fileEncoding = 4; lastKnownFileType = sourcecode.c.objc; path = FBUWordViewController.m; sourceTree = "<group>"; };
		D24FDEFD196C69B500BC3992 /* Telephone.storyboard */ = {isa = PBXFileReference; fileEncoding = 4; lastKnownFileType = file.storyboard; path = Telephone.storyboard; sourceTree = "<group>"; };
		D24FDEFF196CA96000BC3992 /* FBUYourTurnViewController.h */ = {isa = PBXFileReference; fileEncoding = 4; lastKnownFileType = sourcecode.c.h; path = FBUYourTurnViewController.h; sourceTree = "<group>"; };
		D24FDF00196CA96000BC3992 /* FBUYourTurnViewController.m */ = {isa = PBXFileReference; fileEncoding = 4; lastKnownFileType = sourcecode.c.objc; path = FBUYourTurnViewController.m; sourceTree = "<group>"; };
/* End PBXFileReference section */

/* Begin PBXFrameworksBuildPhase section */
		D24FDEBD196B752D00BC3992 /* Frameworks */ = {
			isa = PBXFrameworksBuildPhase;
			buildActionMask = 2147483647;
			files = (
				D24FDEC6196B752D00BC3992 /* CoreGraphics.framework in Frameworks */,
				D24FDEC8196B752D00BC3992 /* UIKit.framework in Frameworks */,
				D24FDEC4196B752D00BC3992 /* Foundation.framework in Frameworks */,
			);
			runOnlyForDeploymentPostprocessing = 0;
		};
		D24FDED8196B752D00BC3992 /* Frameworks */ = {
			isa = PBXFrameworksBuildPhase;
			buildActionMask = 2147483647;
			files = (
				D24FDEDD196B752D00BC3992 /* XCTest.framework in Frameworks */,
				D24FDEDF196B752D00BC3992 /* UIKit.framework in Frameworks */,
				D24FDEDE196B752D00BC3992 /* Foundation.framework in Frameworks */,
			);
			runOnlyForDeploymentPostprocessing = 0;
		};
/* End PBXFrameworksBuildPhase section */

/* Begin PBXGroup section */
		D24FDEB7196B752D00BC3992 = {
			isa = PBXGroup;
			children = (
				D24FDEC9196B752D00BC3992 /* Telephone */,
				D24FDEE2196B752D00BC3992 /* TelephoneTests */,
				D24FDEC2196B752D00BC3992 /* Frameworks */,
				D24FDEC1196B752D00BC3992 /* Products */,
			);
			sourceTree = "<group>";
		};
		D24FDEC1196B752D00BC3992 /* Products */ = {
			isa = PBXGroup;
			children = (
				D24FDEC0196B752D00BC3992 /* Telephone.app */,
				D24FDEDB196B752D00BC3992 /* TelephoneTests.xctest */,
			);
			name = Products;
			sourceTree = "<group>";
		};
		D24FDEC2196B752D00BC3992 /* Frameworks */ = {
			isa = PBXGroup;
			children = (
				D24FDEC3196B752D00BC3992 /* Foundation.framework */,
				D24FDEC5196B752D00BC3992 /* CoreGraphics.framework */,
				D24FDEC7196B752D00BC3992 /* UIKit.framework */,
				D24FDEDC196B752D00BC3992 /* XCTest.framework */,
			);
			name = Frameworks;
			sourceTree = "<group>";
		};
		D24FDEC9196B752D00BC3992 /* Telephone */ = {
			isa = PBXGroup;
			children = (
				D24FDEFD196C69B500BC3992 /* Telephone.storyboard */,
				D24FDED2196B752D00BC3992 /* FBUAppDelegate.h */,
				D24FDED3196B752D00BC3992 /* FBUAppDelegate.m */,
				D24FDEF7196C501200BC3992 /* FBUHomeViewController.h */,
				D24FDEF8196C501200BC3992 /* FBUHomeViewController.m */,
				D24FDEFF196CA96000BC3992 /* FBUYourTurnViewController.h */,
				D24FDF00196CA96000BC3992 /* FBUYourTurnViewController.m */,
				B0E03731196D9F340042E78B /* FBURoundCounter.h */,
				B0E03732196D9F350042E78B /* FBURoundCounter.m */,
				D24FDEFA196C5FCC00BC3992 /* FBUWordViewController.h */,
				D24FDEFB196C5FCC00BC3992 /* FBUWordViewController.m */,
				D24FDEF2196B77F600BC3992 /* FBUDrawViewController.h */,
				D24FDEF3196B77F600BC3992 /* FBUDrawViewController.m */,
				B0F6C1BC196CBBAC00AAF159 /* FBUImageStore.h */,
				B0F6C1BD196CBBAC00AAF159 /* FBUImageStore.m */,
				B0191F92196C4754005D92EA /* FBUDrawView.h */,
				B0191F93196C4754005D92EA /* FBUDrawView.m */,
				D24FDED5196B752D00BC3992 /* Images.xcassets */,
				D24FDECA196B752D00BC3992 /* Supporting Files */,
			);
			path = Telephone;
			sourceTree = "<group>";
		};
		D24FDECA196B752D00BC3992 /* Supporting Files */ = {
			isa = PBXGroup;
			children = (
				D24FDECB196B752D00BC3992 /* Telephone-Info.plist */,
				D24FDECC196B752D00BC3992 /* InfoPlist.strings */,
				D24FDECF196B752D00BC3992 /* main.m */,
				D24FDED1196B752D00BC3992 /* Telephone-Prefix.pch */,
			);
			name = "Supporting Files";
			sourceTree = "<group>";
		};
		D24FDEE2196B752D00BC3992 /* TelephoneTests */ = {
			isa = PBXGroup;
			children = (
				D24FDEE8196B752D00BC3992 /* TelephoneTests.m */,
				D24FDEE3196B752D00BC3992 /* Supporting Files */,
			);
			path = TelephoneTests;
			sourceTree = "<group>";
		};
		D24FDEE3196B752D00BC3992 /* Supporting Files */ = {
			isa = PBXGroup;
			children = (
				D24FDEE4196B752D00BC3992 /* TelephoneTests-Info.plist */,
				D24FDEE5196B752D00BC3992 /* InfoPlist.strings */,
			);
			name = "Supporting Files";
			sourceTree = "<group>";
		};
/* End PBXGroup section */

/* Begin PBXNativeTarget section */
		D24FDEBF196B752D00BC3992 /* Telephone */ = {
			isa = PBXNativeTarget;
			buildConfigurationList = D24FDEEC196B752D00BC3992 /* Build configuration list for PBXNativeTarget "Telephone" */;
			buildPhases = (
				D24FDEBC196B752D00BC3992 /* Sources */,
				D24FDEBD196B752D00BC3992 /* Frameworks */,
				D24FDEBE196B752D00BC3992 /* Resources */,
			);
			buildRules = (
			);
			dependencies = (
			);
			name = Telephone;
			productName = Telephone;
			productReference = D24FDEC0196B752D00BC3992 /* Telephone.app */;
			productType = "com.apple.product-type.application";
		};
		D24FDEDA196B752D00BC3992 /* TelephoneTests */ = {
			isa = PBXNativeTarget;
			buildConfigurationList = D24FDEEF196B752D00BC3992 /* Build configuration list for PBXNativeTarget "TelephoneTests" */;
			buildPhases = (
				D24FDED7196B752D00BC3992 /* Sources */,
				D24FDED8196B752D00BC3992 /* Frameworks */,
				D24FDED9196B752D00BC3992 /* Resources */,
			);
			buildRules = (
			);
			dependencies = (
				D24FDEE1196B752D00BC3992 /* PBXTargetDependency */,
			);
			name = TelephoneTests;
			productName = TelephoneTests;
			productReference = D24FDEDB196B752D00BC3992 /* TelephoneTests.xctest */;
			productType = "com.apple.product-type.bundle.unit-test";
		};
/* End PBXNativeTarget section */

/* Begin PBXProject section */
		D24FDEB8196B752D00BC3992 /* Project object */ = {
			isa = PBXProject;
			attributes = {
				CLASSPREFIX = FBU;
				LastUpgradeCheck = 0510;
				ORGANIZATIONNAME = FacebookU;
				TargetAttributes = {
					D24FDEDA196B752D00BC3992 = {
						TestTargetID = D24FDEBF196B752D00BC3992;
					};
				};
			};
			buildConfigurationList = D24FDEBB196B752D00BC3992 /* Build configuration list for PBXProject "Telephone" */;
			compatibilityVersion = "Xcode 3.2";
			developmentRegion = English;
			hasScannedForEncodings = 0;
			knownRegions = (
				en,
			);
			mainGroup = D24FDEB7196B752D00BC3992;
			productRefGroup = D24FDEC1196B752D00BC3992 /* Products */;
			projectDirPath = "";
			projectRoot = "";
			targets = (
				D24FDEBF196B752D00BC3992 /* Telephone */,
				D24FDEDA196B752D00BC3992 /* TelephoneTests */,
			);
		};
/* End PBXProject section */

/* Begin PBXResourcesBuildPhase section */
		D24FDEBE196B752D00BC3992 /* Resources */ = {
			isa = PBXResourcesBuildPhase;
			buildActionMask = 2147483647;
			files = (
				D24FDEFE196C69B500BC3992 /* Telephone.storyboard in Resources */,
				D24FDECE196B752D00BC3992 /* InfoPlist.strings in Resources */,
				D24FDED6196B752D00BC3992 /* Images.xcassets in Resources */,
			);
			runOnlyForDeploymentPostprocessing = 0;
		};
		D24FDED9196B752D00BC3992 /* Resources */ = {
			isa = PBXResourcesBuildPhase;
			buildActionMask = 2147483647;
			files = (
				D24FDEE7196B752D00BC3992 /* InfoPlist.strings in Resources */,
			);
			runOnlyForDeploymentPostprocessing = 0;
		};
/* End PBXResourcesBuildPhase section */

/* Begin PBXSourcesBuildPhase section */
		D24FDEBC196B752D00BC3992 /* Sources */ = {
			isa = PBXSourcesBuildPhase;
			buildActionMask = 2147483647;
			files = (
				D24FDED4196B752D00BC3992 /* FBUAppDelegate.m in Sources */,
				D24FDED0196B752D00BC3992 /* main.m in Sources */,
				D24FDEFC196C5FCC00BC3992 /* FBUWordViewController.m in Sources */,
				B0E03733196D9F350042E78B /* FBURoundCounter.m in Sources */,
				D24FDEF9196C501200BC3992 /* FBUHomeViewController.m in Sources */,
				D24FDF01196CA96000BC3992 /* FBUYourTurnViewController.m in Sources */,
				B0191F94196C4754005D92EA /* FBUDrawView.m in Sources */,
				D24FDEF4196B77F600BC3992 /* FBUDrawViewController.m in Sources */,
				B0F6C1BE196CBBAC00AAF159 /* FBUImageStore.m in Sources */,
			);
			runOnlyForDeploymentPostprocessing = 0;
		};
		D24FDED7196B752D00BC3992 /* Sources */ = {
			isa = PBXSourcesBuildPhase;
			buildActionMask = 2147483647;
			files = (
				D24FDEE9196B752D00BC3992 /* TelephoneTests.m in Sources */,
			);
			runOnlyForDeploymentPostprocessing = 0;
		};
/* End PBXSourcesBuildPhase section */

/* Begin PBXTargetDependency section */
		D24FDEE1196B752D00BC3992 /* PBXTargetDependency */ = {
			isa = PBXTargetDependency;
			target = D24FDEBF196B752D00BC3992 /* Telephone */;
			targetProxy = D24FDEE0196B752D00BC3992 /* PBXContainerItemProxy */;
		};
/* End PBXTargetDependency section */

/* Begin PBXVariantGroup section */
		D24FDECC196B752D00BC3992 /* InfoPlist.strings */ = {
			isa = PBXVariantGroup;
			children = (
				D24FDECD196B752D00BC3992 /* en */,
			);
			name = InfoPlist.strings;
			sourceTree = "<group>";
		};
		D24FDEE5196B752D00BC3992 /* InfoPlist.strings */ = {
			isa = PBXVariantGroup;
			children = (
				D24FDEE6196B752D00BC3992 /* en */,
			);
			name = InfoPlist.strings;
			sourceTree = "<group>";
		};
/* End PBXVariantGroup section */

/* Begin XCBuildConfiguration section */
		D24FDEEA196B752D00BC3992 /* Debug */ = {
			isa = XCBuildConfiguration;
			buildSettings = {
				ALWAYS_SEARCH_USER_PATHS = NO;
				CLANG_CXX_LANGUAGE_STANDARD = "gnu++0x";
				CLANG_CXX_LIBRARY = "libc++";
				CLANG_ENABLE_MODULES = YES;
				CLANG_ENABLE_OBJC_ARC = YES;
				CLANG_WARN_BOOL_CONVERSION = YES;
				CLANG_WARN_CONSTANT_CONVERSION = YES;
				CLANG_WARN_DIRECT_OBJC_ISA_USAGE = YES_ERROR;
				CLANG_WARN_EMPTY_BODY = YES;
				CLANG_WARN_ENUM_CONVERSION = YES;
				CLANG_WARN_INT_CONVERSION = YES;
				CLANG_WARN_OBJC_ROOT_CLASS = YES_ERROR;
				CLANG_WARN__DUPLICATE_METHOD_MATCH = YES;
				"CODE_SIGN_IDENTITY[sdk=iphoneos*]" = "iPhone Developer";
				COPY_PHASE_STRIP = NO;
				GCC_C_LANGUAGE_STANDARD = gnu99;
				GCC_DYNAMIC_NO_PIC = NO;
				GCC_OPTIMIZATION_LEVEL = 0;
				GCC_PREPROCESSOR_DEFINITIONS = (
					"DEBUG=1",
					"$(inherited)",
				);
				GCC_SYMBOLS_PRIVATE_EXTERN = NO;
				GCC_WARN_64_TO_32_BIT_CONVERSION = YES;
				GCC_WARN_ABOUT_RETURN_TYPE = YES_ERROR;
				GCC_WARN_UNDECLARED_SELECTOR = YES;
				GCC_WARN_UNINITIALIZED_AUTOS = YES_AGGRESSIVE;
				GCC_WARN_UNUSED_FUNCTION = YES;
				GCC_WARN_UNUSED_VARIABLE = YES;
				IPHONEOS_DEPLOYMENT_TARGET = 7.1;
				ONLY_ACTIVE_ARCH = YES;
				SDKROOT = iphoneos;
			};
			name = Debug;
		};
		D24FDEEB196B752D00BC3992 /* Release */ = {
			isa = XCBuildConfiguration;
			buildSettings = {
				ALWAYS_SEARCH_USER_PATHS = NO;
				CLANG_CXX_LANGUAGE_STANDARD = "gnu++0x";
				CLANG_CXX_LIBRARY = "libc++";
				CLANG_ENABLE_MODULES = YES;
				CLANG_ENABLE_OBJC_ARC = YES;
				CLANG_WARN_BOOL_CONVERSION = YES;
				CLANG_WARN_CONSTANT_CONVERSION = YES;
				CLANG_WARN_DIRECT_OBJC_ISA_USAGE = YES_ERROR;
				CLANG_WARN_EMPTY_BODY = YES;
				CLANG_WARN_ENUM_CONVERSION = YES;
				CLANG_WARN_INT_CONVERSION = YES;
				CLANG_WARN_OBJC_ROOT_CLASS = YES_ERROR;
				CLANG_WARN__DUPLICATE_METHOD_MATCH = YES;
				"CODE_SIGN_IDENTITY[sdk=iphoneos*]" = "iPhone Developer";
				COPY_PHASE_STRIP = YES;
				ENABLE_NS_ASSERTIONS = NO;
				GCC_C_LANGUAGE_STANDARD = gnu99;
				GCC_WARN_64_TO_32_BIT_CONVERSION = YES;
				GCC_WARN_ABOUT_RETURN_TYPE = YES_ERROR;
				GCC_WARN_UNDECLARED_SELECTOR = YES;
				GCC_WARN_UNINITIALIZED_AUTOS = YES_AGGRESSIVE;
				GCC_WARN_UNUSED_FUNCTION = YES;
				GCC_WARN_UNUSED_VARIABLE = YES;
				IPHONEOS_DEPLOYMENT_TARGET = 7.1;
				SDKROOT = iphoneos;
				VALIDATE_PRODUCT = YES;
			};
			name = Release;
		};
		D24FDEED196B752D00BC3992 /* Debug */ = {
			isa = XCBuildConfiguration;
			buildSettings = {
				ASSETCATALOG_COMPILER_APPICON_NAME = AppIcon;
				ASSETCATALOG_COMPILER_LAUNCHIMAGE_NAME = LaunchImage;
				GCC_PRECOMPILE_PREFIX_HEADER = YES;
				GCC_PREFIX_HEADER = "Telephone/Telephone-Prefix.pch";
				INFOPLIST_FILE = "Telephone/Telephone-Info.plist";
				PRODUCT_NAME = "$(TARGET_NAME)";
				WRAPPER_EXTENSION = app;
			};
			name = Debug;
		};
		D24FDEEE196B752D00BC3992 /* Release */ = {
			isa = XCBuildConfiguration;
			buildSettings = {
				ASSETCATALOG_COMPILER_APPICON_NAME = AppIcon;
				ASSETCATALOG_COMPILER_LAUNCHIMAGE_NAME = LaunchImage;
				GCC_PRECOMPILE_PREFIX_HEADER = YES;
				GCC_PREFIX_HEADER = "Telephone/Telephone-Prefix.pch";
				INFOPLIST_FILE = "Telephone/Telephone-Info.plist";
				PRODUCT_NAME = "$(TARGET_NAME)";
				WRAPPER_EXTENSION = app;
			};
			name = Release;
		};
		D24FDEF0196B752D00BC3992 /* Debug */ = {
			isa = XCBuildConfiguration;
			buildSettings = {
				BUNDLE_LOADER = "$(BUILT_PRODUCTS_DIR)/Telephone.app/Telephone";
				FRAMEWORK_SEARCH_PATHS = (
					"$(SDKROOT)/Developer/Library/Frameworks",
					"$(inherited)",
					"$(DEVELOPER_FRAMEWORKS_DIR)",
				);
				GCC_PRECOMPILE_PREFIX_HEADER = YES;
				GCC_PREFIX_HEADER = "Telephone/Telephone-Prefix.pch";
				GCC_PREPROCESSOR_DEFINITIONS = (
					"DEBUG=1",
					"$(inherited)",
				);
				INFOPLIST_FILE = "TelephoneTests/TelephoneTests-Info.plist";
				PRODUCT_NAME = "$(TARGET_NAME)";
				TEST_HOST = "$(BUNDLE_LOADER)";
				WRAPPER_EXTENSION = xctest;
			};
			name = Debug;
		};
		D24FDEF1196B752D00BC3992 /* Release */ = {
			isa = XCBuildConfiguration;
			buildSettings = {
				BUNDLE_LOADER = "$(BUILT_PRODUCTS_DIR)/Telephone.app/Telephone";
				FRAMEWORK_SEARCH_PATHS = (
					"$(SDKROOT)/Developer/Library/Frameworks",
					"$(inherited)",
					"$(DEVELOPER_FRAMEWORKS_DIR)",
				);
				GCC_PRECOMPILE_PREFIX_HEADER = YES;
				GCC_PREFIX_HEADER = "Telephone/Telephone-Prefix.pch";
				INFOPLIST_FILE = "TelephoneTests/TelephoneTests-Info.plist";
				PRODUCT_NAME = "$(TARGET_NAME)";
				TEST_HOST = "$(BUNDLE_LOADER)";
				WRAPPER_EXTENSION = xctest;
			};
			name = Release;
		};
/* End XCBuildConfiguration section */

/* Begin XCConfigurationList section */
		D24FDEBB196B752D00BC3992 /* Build configuration list for PBXProject "Telephone" */ = {
			isa = XCConfigurationList;
			buildConfigurations = (
				D24FDEEA196B752D00BC3992 /* Debug */,
				D24FDEEB196B752D00BC3992 /* Release */,
			);
			defaultConfigurationIsVisible = 0;
			defaultConfigurationName = Release;
		};
		D24FDEEC196B752D00BC3992 /* Build configuration list for PBXNativeTarget "Telephone" */ = {
			isa = XCConfigurationList;
			buildConfigurations = (
				D24FDEED196B752D00BC3992 /* Debug */,
				D24FDEEE196B752D00BC3992 /* Release */,
			);
			defaultConfigurationIsVisible = 0;
			defaultConfigurationName = Release;
		};
		D24FDEEF196B752D00BC3992 /* Build configuration list for PBXNativeTarget "TelephoneTests" */ = {
			isa = XCConfigurationList;
			buildConfigurations = (
				D24FDEF0196B752D00BC3992 /* Debug */,
				D24FDEF1196B752D00BC3992 /* Release */,
			);
			defaultConfigurationIsVisible = 0;
			defaultConfigurationName = Release;
		};
/* End XCConfigurationList section */
	};
	rootObject = D24FDEB8196B752D00BC3992 /* Project object */;
}
